
Microsoft Visual Studio Solution File, Format Version 12.00
# Visual Studio Version 17
VisualStudioVersion = 17.4.32804.182
MinimumVisualStudioVersion = 10.0.40219.1
Project("{FAE04EC0-301F-11D3-BF4B-00C04F79EFBC}") = "TransportManagement.Server", "TransportManagement.Server\TransportManagement.Server.csproj", "{D5129899-3C81-4F47-88C7-91E5B067546F}"
EndProject
Global
	GlobalSection(SolutionConfigurationPlatforms) = preSolution
		Debug|Any CPU = Debug|Any CPU
		Release|Any CPU = Release|Any CPU
	EndGlobalSection
	GlobalSection(ProjectConfigurationPlatforms) = postSolution
		{D5129899-3C81-4F47-88C7-91E5B067546F}.Debug|Any CPU.ActiveCfg = Debug|Any CPU
		{D5129899-3C81-4F47-88C7-91E5B067546F}.Debug|Any CPU.Build.0 = Debug|Any CPU
		{D5129899-3C81-4F47-88C7-91E5B067546F}.Release|Any CPU.ActiveCfg = Release|Any CPU
		{D5129899-3C81-4F47-88C7-91E5B067546F}.Release|Any CPU.Build.0 = Release|Any CPU
	EndGlobalSection
	GlobalSection(SolutionProperties) = preSolution
		HideSolutionNode = FALSE
	EndGlobalSection
	GlobalSection(ExtensibilityGlobals) = postSolution
		SolutionGuid = {70E639CA-9B15-4DA9-B21A-10B9C249152D}
	EndGlobalSection
EndGlobal
